PODS:
  - GRDB.swift (5.2.0):
    - GRDB.swift/standard (= 5.2.0)
  - GRDB.swift/standard (5.2.0)

DEPENDENCIES:
  - GRDB.swift (~> 5)

SPEC REPOS:
  trunk:
    - GRDB.swift

SPEC CHECKSUMS:
  GRDB.swift: f44f61fd032e176e3aadb1f70e15656dc50ca018

PODFILE CHECKSUM: 891cd59a12ff6875041a8ac95961a136a6982b04

COCOAPODS: 1.10.0
